// !$*UTF8*$!
{
	archiveVersion = 1;
	classes = {
	};
	objectVersion = 46;
	objects = {

/* Begin PBXBuildFile section */
		1D4036F11E42D4840035468C /* AppDelegate.swift in Sources */ = {isa = PBXBuildFile; fileRef = 1D4036F01E42D4840035468C /* AppDelegate.swift */; };
		1D4036F61E42D4840035468C /* Main.storyboard in Resources */ = {isa = PBXBuildFile; fileRef = 1D4036F41E42D4840035468C /* Main.storyboard */; };
		1D4036F81E42D4850035468C /* Assets.xcassets in Resources */ = {isa = PBXBuildFile; fileRef = 1D4036F71E42D4850035468C /* Assets.xcassets */; };
		1D4036FB1E42D4850035468C /* LaunchScreen.storyboard in Resources */ = {isa = PBXBuildFile; fileRef = 1D4036F91E42D4850035468C /* LaunchScreen.storyboard */; };
		1D4E11471E4AFDCE0014A6D2 /* PhotoCell.swift in Sources */ = {isa = PBXBuildFile; fileRef = 1D4E11461E4AFDCE0014A6D2 /* PhotoCell.swift */; };
		1D4E114B1E4C1B270014A6D2 /* PhotosDetailViewController.swift in Sources */ = {isa = PBXBuildFile; fileRef = 1D4E114A1E4C1B270014A6D2 /* PhotosDetailViewController.swift */; };
		1DF2C8851E42D63B00AC7012 /* PhotosViewController.swift in Sources */ = {isa = PBXBuildFile; fileRef = 1DF2C8841E42D63B00AC7012 /* PhotosViewController.swift */; };
		D0255E8E487889B44AF604DB /* Pods_TumblrFeed.framework in Frameworks */ = {isa = PBXBuildFile; fileRef = 712B8A20F7329B1BB92AD867 /* Pods_TumblrFeed.framework */; };
/* End PBXBuildFile section */

/* Begin PBXFileReference section */
		0CDB0736A5E3718DD500DBB0 /* Pods-TumblrFeed.debug.xcconfig */ = {isa = PBXFileReference; includeInIndex = 1; lastKnownFileType = text.xcconfig; name = "Pods-TumblrFeed.debug.xcconfig"; path = "Pods/Target Support Files/Pods-TumblrFeed/Pods-TumblrFeed.debug.xcconfig"; sourceTree = "<group>"; };
		1D4036ED1E42D4840035468C /* TumblrFeed.app */ = {isa = PBXFileReference; explicitFileType = wrapper.application; includeInIndex = 0; path = TumblrFeed.app; sourceTree = BUILT_PRODUCTS_DIR; };
		1D4036F01E42D4840035468C /* AppDelegate.swift */ = {isa = PBXFileReference; lastKnownFileType = sourcecode.swift; path = AppDelegate.swift; sourceTree = "<group>"; };
		1D4036F51E42D4840035468C /* Base */ = {isa = PBXFileReference; lastKnownFileType = file.storyboard; name = Base; path = Base.lproj/Main.storyboard; sourceTree = "<group>"; };
		1D4036F71E42D4850035468C /* Assets.xcassets */ = {isa = PBXFileReference; lastKnownFileType = folder.assetcatalog; path = Assets.xcassets; sourceTree = "<group>"; };
		1D4036FA1E42D4850035468C /* Base */ = {isa = PBXFileReference; lastKnownFileType = file.storyboard; name = Base; path = Base.lproj/LaunchScreen.storyboard; sourceTree = "<group>"; };
		1D4036FC1E42D4850035468C /* Info.plist */ = {isa = PBXFileReference; lastKnownFileType = text.plist.xml; path = Info.plist; sourceTree = "<group>"; };
		1D4E11461E4AFDCE0014A6D2 /* PhotoCell.swift */ = {isa = PBXFileReference; fileEncoding = 4; lastKnownFileType = sourcecode.swift; path = PhotoCell.swift; sourceTree = "<group>"; };
		1D4E114A1E4C1B270014A6D2 /* PhotosDetailViewController.swift */ = {isa = PBXFileReference; fileEncoding = 4; lastKnownFileType = sourcecode.swift; path = PhotosDetailViewController.swift; sourceTree = "<group>"; };
		1DF2C8841E42D63B00AC7012 /* PhotosViewController.swift */ = {isa = PBXFileReference; fileEncoding = 4; lastKnownFileType = sourcecode.swift; path = PhotosViewController.swift; sourceTree = "<group>"; };
		712B8A20F7329B1BB92AD867 /* Pods_TumblrFeed.framework */ = {isa = PBXFileReference; explicitFileType = wrapper.framework; includeInIndex = 0; path = Pods_TumblrFeed.framework; sourceTree = BUILT_PRODUCTS_DIR; };
		E3DF5E8F34051D0DFD3F52AD /* Pods-TumblrFeed.release.xcconfig */ = {isa = PBXFileReference; includeInIndex = 1; lastKnownFileType = text.xcconfig; name = "Pods-TumblrFeed.release.xcconfig"; path = "Pods/Target Support Files/Pods-TumblrFeed/Pods-TumblrFeed.release.xcconfig"; sourceTree = "<group>"; };
/* End PBXFileReference section */

/* Begin PBXFrameworksBuildPhase section */
		1D4036EA1E42D4840035468C /* Frameworks */ = {
			isa = PBXFrameworksBuildPhase;
			buildActionMask = 2147483647;
			files = (
				D0255E8E487889B44AF604DB /* Pods_TumblrFeed.framework in Frameworks */,
			);
			runOnlyForDeploymentPostprocessing = 0;
		};
/* End PBXFrameworksBuildPhase section */

/* Begin PBXGroup section */
		1D4036E41E42D4840035468C = {
			isa = PBXGroup;
			children = (
				1D4036EF1E42D4840035468C /* TumblrFeed */,
				1D4036EE1E42D4840035468C /* Products */,
				25F7EF4FC68EC8C9F6E1B126 /* Pods */,
				DFBBD9DA992F5844472E64F4 /* Frameworks */,
			);
			sourceTree = "<group>";
		};
		1D4036EE1E42D4840035468C /* Products */ = {
			isa = PBXGroup;
			children = (
				1D4036ED1E42D4840035468C /* TumblrFeed.app */,
			);
			name = Products;
			sourceTree = "<group>";
		};
		1D4036EF1E42D4840035468C /* TumblrFeed */ = {
			isa = PBXGroup;
			children = (
				1D4036F01E42D4840035468C /* AppDelegate.swift */,
				1D4036F41E42D4840035468C /* Main.storyboard */,
				1D4036F71E42D4850035468C /* Assets.xcassets */,
				1D4036F91E42D4850035468C /* LaunchScreen.storyboard */,
				1D4036FC1E42D4850035468C /* Info.plist */,
				1DF2C8841E42D63B00AC7012 /* PhotosViewController.swift */,
				1D4E11461E4AFDCE0014A6D2 /* PhotoCell.swift */,
				1D4E114A1E4C1B270014A6D2 /* PhotosDetailViewController.swift */,
			);
			path = TumblrFeed;
			sourceTree = "<group>";
		};
		25F7EF4FC68EC8C9F6E1B126 /* Pods */ = {
			isa = PBXGroup;
			children = (
				0CDB0736A5E3718DD500DBB0 /* Pods-TumblrFeed.debug.xcconfig */,
				E3DF5E8F34051D0DFD3F52AD /* Pods-TumblrFeed.release.xcconfig */,
			);
			name = Pods;
			sourceTree = "<group>";
		};
		DFBBD9DA992F5844472E64F4 /* Frameworks */ = {
			isa = PBXGroup;
			children = (
				712B8A20F7329B1BB92AD867 /* Pods_TumblrFeed.framework */,
			);
			name = Frameworks;
			sourceTree = "<group>";
		};
/* End PBXGroup section */

/* Begin PBXNativeTarget section */
		1D4036EC1E42D4840035468C /* TumblrFeed */ = {
			isa = PBXNativeTarget;
			buildConfigurationList = 1D4036FF1E42D4850035468C /* Build configuration list for PBXNativeTarget "TumblrFeed" */;
			buildPhases = (
				4BFF37E6562F1CACC0178525 /* [CP] Check Pods Manifest.lock */,
				1D4036E91E42D4840035468C /* Sources */,
				1D4036EA1E42D4840035468C /* Frameworks */,
				1D4036EB1E42D4840035468C /* Resources */,
				BF3A66C639035FE170C64A44 /* [CP] Embed Pods Frameworks */,
				90406F1F3EDF62FF2EA6E8FB /* [CP] Copy Pods Resources */,
			);
			buildRules = (
			);
			dependencies = (
			);
			name = TumblrFeed;
			productName = TumblrFeed;
			productReference = 1D4036ED1E42D4840035468C /* TumblrFeed.app */;
			productType = "com.apple.product-type.application";
		};
/* End PBXNativeTarget section */

/* Begin PBXProject section */
		1D4036E51E42D4840035468C /* Project object */ = {
			isa = PBXProject;
			attributes = {
				LastSwiftUpdateCheck = 0820;
				LastUpgradeCheck = 0820;
				ORGANIZATIONNAME = "mw-hlp";
				TargetAttributes = {
					1D4036EC1E42D4840035468C = {
						CreatedOnToolsVersion = 8.2.1;
						ProvisioningStyle = Automatic;
					};
				};
			};
			buildConfigurationList = 1D4036E81E42D4840035468C /* Build configuration list for PBXProject "TumblrFeed" */;
			compatibilityVersion = "Xcode 3.2";
			developmentRegion = English;
			hasScannedForEncodings = 0;
			knownRegions = (
				en,
				Base,
			);
			mainGroup = 1D4036E41E42D4840035468C;
			productRefGroup = 1D4036EE1E42D4840035468C /* Products */;
			projectDirPath = "";
			projectRoot = "";
			targets = (
				1D4036EC1E42D4840035468C /* TumblrFeed */,
			);
		};
/* End PBXProject section */

/* Begin PBXResourcesBuildPhase section */
		1D4036EB1E42D4840035468C /* Resources */ = {
			isa = PBXResourcesBuildPhase;
			buildActionMask = 2147483647;
			files = (
				1D4036FB1E42D4850035468C /* LaunchScreen.storyboard in Resources */,
				1D4036F81E42D4850035468C /* Assets.xcassets in Resources */,
				1D4036F61E42D4840035468C /* Main.storyboard in Resources */,
			);
			runOnlyForDeploymentPostprocessing = 0;
		};
/* End PBXResourcesBuildPhase section */

/* Begin PBXShellScriptBuildPhase section */
		4BFF37E6562F1CACC0178525 /* [CP] Check Pods Manifest.lock */ = {
			isa = PBXShellScriptBuildPhase;
			buildActionMask = 2147483647;
			files = (
			);
			inputPaths = (
			);
			name = "[CP] Check Pods Manifest.lock";
			outputPaths = (
			);
			runOnlyForDeploymentPostprocessing = 0;
			shellPath = /bin/sh;
			shellScript = "diff \"${PODS_ROOT}/../Podfile.lock\" \"${PODS_ROOT}/Manifest.lock\" > /dev/null\nif [ $? != 0 ] ; then\n    # print error to STDERR\n    echo \"error: The sandbox is not in sync with the Podfile.lock. Run 'pod install' or update your CocoaPods installation.\" >&2\n    exit 1\nfi\n";
			showEnvVarsInLog = 0;
		};
		90406F1F3EDF62FF2EA6E8FB /* [CP] Copy Pods Resources */ = {
			isa = PBXShellScriptBuildPhase;
			buildActionMask = 2147483647;
			files = (
			);
			inputPaths = (
			);
			name = "[CP] Copy Pods Resources";
			outputPaths = (
			);
			runOnlyForDeploymentPostprocessing = 0;
			shellPath = /bin/sh;
			shellScript = "\"${SRCROOT}/Pods/Target Support Files/Pods-TumblrFeed/Pods-TumblrFeed-resources.sh\"\n";
			showEnvVarsInLog = 0;
		};
		BF3A66C639035FE170C64A44 /* [CP] Embed Pods Frameworks */ = {
			isa = PBXShellScriptBuildPhase;
			buildActionMask = 2147483647;
			files = (
			);
			inputPaths = (
			);
			name = "[CP] Embed Pods Frameworks";
			outputPaths = (
			);
			runOnlyForDeploymentPostprocessing = 0;
			shellPath = /bin/sh;
			shellScript = "\"${SRCROOT}/Pods/Target Support Files/Pods-TumblrFeed/Pods-TumblrFeed-frameworks.sh\"\n";
			showEnvVarsInLog = 0;
		};
/* End PBXShellScriptBuildPhase section */

/* Begin PBXSourcesBuildPhase section */
		1D4036E91E42D4840035468C /* Sources */ = {
			isa = PBXSourcesBuildPhase;
			buildActionMask = 2147483647;
			files = (
				1D4E114B1E4C1B270014A6D2 /* PhotosDetailViewController.swift in Sources */,
				1D4036F11E42D4840035468C /* AppDelegate.swift in Sources */,
				1D4E11471E4AFDCE0014A6D2 /* PhotoCell.swift in Sources */,
				1DF2C8851E42D63B00AC7012 /* PhotosViewController.swift in Sources */,
			);
			runOnlyForDeploymentPostprocessing = 0;
		};
/* End PBXSourcesBuildPhase section */

/* Begin PBXVariantGroup section */
		1D4036F41E42D4840035468C /* Main.storyboard */ = {
			isa = PBXVariantGroup;
			children = (
				1D4036F51E42D4840035468C /* Base */,
			);
			name = Main.storyboard;
			sourceTree = "<group>";
		};
		1D4036F91E42D4850035468C /* LaunchScreen.storyboard */ = {
			isa = PBXVariantGroup;
			children = (
				1D4036FA1E42D4850035468C /* Base */,
			);
			name = LaunchScreen.storyboard;
			sourceTree = "<group>";
		};
/* End PBXVariantGroup section */

/* Begin XCBuildConfiguration section */
		1D4036FD1E42D4850035468C /* Debug */ = {
			isa = XCBuildConfiguration;
			buildSettings = {
				ALWAYS_SEARCH_USER_PATHS = NO;
				CLANG_ANALYZER_NONNULL = YES;
				CLANG_CXX_LANGUAGE_STANDARD = "gnu++0x";
				CLANG_CXX_LIBRARY = "libc++";
				CLANG_ENABLE_MODULES = YES;
				CLANG_ENABLE_OBJC_ARC = YES;
				CLANG_WARN_BOOL_CONVERSION = YES;
				CLANG_WARN_CONSTANT_CONVERSION = YES;
				CLANG_WARN_DIRECT_OBJC_ISA_USAGE = YES_ERROR;
				CLANG_WARN_DOCUMENTATION_COMMENTS = YES;
				CLANG_WARN_EMPTY_BODY = YES;
				CLANG_WARN_ENUM_CONVERSION = YES;
				CLANG_WARN_INFINITE_RECURSION = YES;
				CLANG_WARN_INT_CONVERSION = YES;
				CLANG_WARN_OBJC_ROOT_CLASS = YES_ERROR;
				CLANG_WARN_SUSPICIOUS_MOVE = YES;
				CLANG_WARN_UNREACHABLE_CODE = YES;
				CLANG_WARN__DUPLICATE_METHOD_MATCH = YES;
				"CODE_SIGN_IDENTITY[sdk=iphoneos*]" = "iPhone Developer";
				COPY_PHASE_STRIP = NO;
				DEBUG_INFORMATION_FORMAT = dwarf;
				ENABLE_STRICT_OBJC_MSGSEND = YES;
				ENABLE_TESTABILITY = YES;
				GCC_C_LANGUAGE_STANDARD = gnu99;
				GCC_DYNAMIC_NO_PIC = NO;
				GCC_NO_COMMON_BLOCKS = YES;
				GCC_OPTIMIZATION_LEVEL = 0;
				GCC_PREPROCESSOR_DEFINITIONS = (
					"DEBUG=1",
					"$(inherited)",
				);
				GCC_WARN_64_TO_32_BIT_CONVERSION = YES;
				GCC_WARN_ABOUT_RETURN_TYPE = YES_ERROR;
				GCC_WARN_UNDECLARED_SELECTOR = YES;
				GCC_WARN_UNINITIALIZED_AUTOS = YES_AGGRESSIVE;
				GCC_WARN_UNUSED_FUNCTION = YES;
				GCC_WARN_UNUSED_VARIABLE = YES;
				IPHONEOS_DEPLOYMENT_TARGET = 10.2;
				MTL_ENABLE_DEBUG_INFO = YES;
				ONLY_ACTIVE_ARCH = YES;
				SDKROOT = iphoneos;
				SWIFT_ACTIVE_COMPILATION_CONDITIONS = DEBUG;
				SWIFT_OPTIMIZATION_LEVEL = "-Onone";
			};
			name = Debug;
		};
		1D4036FE1E42D4850035468C /* Release */ = {
			isa = XCBuildConfiguration;
			buildSettings = {
				ALWAYS_SEARCH_USER_PATHS = NO;
				CLANG_ANALYZER_NONNULL = YES;
				CLANG_CXX_LANGUAGE_STANDARD = "gnu++0x";
				CLANG_CXX_LIBRARY = "libc++";
				CLANG_ENABLE_MODULES = YES;
				CLANG_ENABLE_OBJC_ARC = YES;
				CLANG_WARN_BOOL_CONVERSION = YES;
				CLANG_WARN_CONSTANT_CONVERSION = YES;
				CLANG_WARN_DIRECT_OBJC_ISA_USAGE = YES_ERROR;
				CLANG_WARN_DOCUMENTATION_COMMENTS = YES;
				CLANG_WARN_EMPTY_BODY = YES;
				CLANG_WARN_ENUM_CONVERSION = YES;
				CLANG_WARN_INFINITE_RECURSION = YES;
				CLANG_WARN_INT_CONVERSION = YES;
				CLANG_WARN_OBJC_ROOT_CLASS = YES_ERROR;
				CLANG_WARN_SUSPICIOUS_MOVE = YES;
				CLANG_WARN_UNREACHABLE_CODE = YES;
				CLANG_WARN__DUPLICATE_METHOD_MATCH = YES;
				"CODE_SIGN_IDENTITY[sdk=iphoneos*]" = "iPhone Developer";
				COPY_PHASE_STRIP = NO;
				DEBUG_INFORMATION_FORMAT = "dwarf-with-dsym";
				ENABLE_NS_ASSERTIONS = NO;
				ENABLE_STRICT_OBJC_MSGSEND = YES;
				GCC_C_LANGUAGE_STANDARD = gnu99;
				GCC_NO_COMMON_BLOCKS = YES;
				GCC_WARN_64_TO_32_BIT_CONVERSION = YES;
				GCC_WARN_ABOUT_RETURN_TYPE = YES_ERROR;
				GCC_WARN_UNDECLARED_SELECTOR = YES;
				GCC_WARN_UNINITIALIZED_AUTOS = YES_AGGRESSIVE;
				GCC_WARN_UNUSED_FUNCTION = YES;
				GCC_WARN_UNUSED_VARIABLE = YES;
				IPHONEOS_DEPLOYMENT_TARGET = 10.2;
				MTL_ENABLE_DEBUG_INFO = NO;
				SDKROOT = iphoneos;
				SWIFT_OPTIMIZATION_LEVEL = "-Owholemodule";
				VALIDATE_PRODUCT = YES;
			};
			name = Release;
		};
		1D4037001E42D4850035468C /* Debug */ = {
			isa = XCBuildConfiguration;
			baseConfigurationReference = 0CDB0736A5E3718DD500DBB0 /* Pods-TumblrFeed.debug.xcconfig */;
			buildSettings = {
				ASSETCATALOG_COMPILER_APPICON_NAME = AppIcon;
				INFOPLIST_FILE = TumblrFeed/Info.plist;
				LD_RUNPATH_SEARCH_PATHS = "$(inherited) @executable_path/Frameworks";
				PRODUCT_BUNDLE_IDENTIFIER = com.codepath.TumblrFeed;
				PRODUCT_NAME = "$(TARGET_NAME)";
				SWIFT_VERSION = 3.0;
			};
			name = Debug;
		};
		1D4037011E42D4850035468C /* Release */ = {
			isa = XCBuildConfiguration;
			baseConfigurationReference = E3DF5E8F34051D0DFD3F52AD /* Pods-TumblrFeed.release.xcconfig */;
			buildSettings = {
				ASSETCATALOG_COMPILER_APPICON_NAME = AppIcon;
				INFOPLIST_FILE = TumblrFeed/Info.plist;
				LD_RUNPATH_SEARCH_PATHS = "$(inherited) @executable_path/Frameworks";
				PRODUCT_BUNDLE_IDENTIFIER = com.codepath.TumblrFeed;
				PRODUCT_NAME = "$(TARGET_NAME)";
				SWIFT_VERSION = 3.0;
			};
			name = Release;
		};
/* End XCBuildConfiguration section */

/* Begin XCConfigurationList section */
		1D4036E81E42D4840035468C /* Build configuration list for PBXProject "TumblrFeed" */ = {
			isa = XCConfigurationList;
			buildConfigurations = (
				1D4036FD1E42D4850035468C /* Debug */,
				1D4036FE1E42D4850035468C /* Release */,
			);
			defaultConfigurationIsVisible = 0;
			defaultConfigurationName = Release;
		};
		1D4036FF1E42D4850035468C /* Build configuration list for PBXNativeTarget "TumblrFeed" */ = {
			isa = XCConfigurationList;
			buildConfigurations = (
				1D4037001E42D4850035468C /* Debug */,
				1D4037011E42D4850035468C /* Release */,
			);
			defaultConfigurationIsVisible = 0;
			defaultConfigurationName = Release;
		};
/* End XCConfigurationList section */
	};
	rootObject = 1D4036E51E42D4840035468C /* Project object */;
}
